{
  "requires": true,
  "lockfileVersion": 1,
  "dependencies": {
    "pinia-plugin-persistedstate": {
      "version": "1.5.1",
      "resolved": "https://registry.npmjs.org/pinia-plugin-persistedstate/-/pinia-plugin-persistedstate-1.5.1.tgz",
      "integrity": "sha512-X0jKWvA3kbpYe8RuIyLaZDEAFvsv3+QmBkMzInBHl0O57+eVJjswXHnIWeFAeFjktrE0cJbGHw2sBMgkcleySQ=="
    }
  }
}
